{
  "name": "cho-youn-kyoung",
  "lockfileVersion": 3,
  "requires": true,
  "packages": {
    "": {
      "dependencies": {
        "react": "latest",
        "react-dom": "latest",
        "react-router-dom": "latest"
      },
      "devDependencies": {
        "@eslint/js": "latest",
        "@types/node": "latest",
        "@types/react": "latest",
        "@types/react-dom": "latest",
        "@vitejs/plugin-react": "latest",
        "eslint": "latest",
        "eslint-plugin-react-hooks": "latest",
        "eslint-plugin-react-refresh": "latest",
        "globals": "latest",
        "typescript": "latest",
        "typescript-eslint": "latest",
        "vite": "latest"
      },
      "name": "cho-youn-kyoung",
      "version": "0.0.0",
      "private": true
    }
  }
}
